
Microsoft Visual Studio Solution File, Format Version 12.00
# Visual Studio Version 16
VisualStudioVersion = 16.0.31729.503
MinimumVisualStudioVersion = 10.0.40219.1
Project("{FAE04EC0-301F-11D3-BF4B-00C04F79EFBC}") = "LAB5", "LAB5\LAB5.csproj", "{521A2DAC-51BF-4598-9442-CDD599FCB786}"
EndProject
Global
	GlobalSection(SolutionConfigurationPlatforms) = preSolution
		Debug|Any CPU = Debug|Any CPU
		Release|Any CPU = Release|Any CPU
	EndGlobalSection
	GlobalSection(ProjectConfigurationPlatforms) = postSolution
		{521A2DAC-51BF-4598-9442-CDD599FCB786}.Debug|Any CPU.ActiveCfg = Debug|Any CPU
		{521A2DAC-51BF-4598-9442-CDD599FCB786}.Debug|Any CPU.Build.0 = Debug|Any CPU
		{521A2DAC-51BF-4598-9442-CDD599FCB786}.Release|Any CPU.ActiveCfg = Release|Any CPU
		{521A2DAC-51BF-4598-9442-CDD599FCB786}.Release|Any CPU.Build.0 = Release|Any CPU
	EndGlobalSection
	GlobalSection(SolutionProperties) = preSolution
		HideSolutionNode = FALSE
	EndGlobalSection
	GlobalSection(ExtensibilityGlobals) = postSolution
		SolutionGuid = {DEC01609-5026-4A1E-B18B-F29609024242}
	EndGlobalSection
EndGlobal
